<?xml version="1.0" encoding="utf-8"?>
<Project ToolsVersion="4.0" xmlns="http://schemas.microsoft.com/developer/msbuild/2003">
  <ItemGroup>
    <Filter Include="Source Files">
      <UniqueIdentifier>{4FC737F1-C7A5-4376-A066-2A32D752A2FF}</UniqueIdentifier>
      <Extensions>cpp;c;cc;cxx;def;odl;idl;hpj;bat;asm;asmx</Extensions>
    </Filter>
    <Filter Include="Header Files">
      <UniqueIdentifier>{93995380-89BD-4b04-88EB-625FBE52EBFB}</UniqueIdentifier>
      <Extensions>h;hh;hpp;hxx;hm;inl;inc;xsd</Extensions>
    </Filter>
    <Filter Include="Resource Files">
      <UniqueIdentifier>{67DA6AB6-F800-4c08-8B7A-83BB121AAD01}</UniqueIdentifier>
      <Extensions>rc;ico;cur;bmp;dlg;rc2;rct;bin;rgs;gif;jpg;jpeg;jpe;resx;tiff;tif;png;wav;mfcribbon-ms</Extensions>
    </Filter>
    <Filter Include="Source Files\LinkedList">
      <UniqueIdentifier>{85889b84-b90b-4ecf-80cb-26b0433e326d}</UniqueIdentifier>
    </Filter>
    <Filter Include="Source Files\Binary Tree">
      <UniqueIdentifier>{d5a3dbb7-eb1e-46ce-b496-5cf88940107e}</UniqueIdentifier>
    </Filter>
    <Filter Include="Header Files\LinkedList">
      <UniqueIdentifier>{72065c95-0db1-421c-84b7-dcdd7dfde317}</UniqueIdentifier>
    </Filter>
    <Filter Include="Header Files\BinaryTree">
      <UniqueIdentifier>{7b0e30a8-f9f9-4b6b-888c-3a4683277730}</UniqueIdentifier>
    </Filter>
  </ItemGroup>
  <ItemGroup>
    <ClCompile Include="Source.cpp">
      <Filter>Source Files</Filter>
    </ClCompile>
    <ClCompile Include="LinkedList.cpp">
      <Filter>Source Files\LinkedList</Filter>
    </ClCompile>
    <ClCompile Include="LinkedListNode.cpp">
      <Filter>Source Files\LinkedList</Filter>
    </ClCompile>
    <ClCompile Include="BinaryTree.cpp">
      <Filter>Source Files\Binary Tree</Filter>
    </ClCompile>
    <ClCompile Include="BinaryTreeNode.cpp">
      <Filter>Source Files\Binary Tree</Filter>
    </ClCompile>
  </ItemGroup>
  <ItemGroup>
    <ClInclude Include="LinkedList.h">
      <Filter>Header Files\LinkedList</Filter>
    </ClInclude>
    <ClInclude Include="LinkedListNode.h">
      <Filter>Header Files\LinkedList</Filter>
    </ClInclude>
    <ClInclude Include="BinaryTree.h">
      <Filter>Header Files\BinaryTree</Filter>
    </ClInclude>
    <ClInclude Include="BinaryTreeNode.h">
      <Filter>Header Files\BinaryTree</Filter>
    </ClInclude>
  </ItemGroup>
</Project>